
Microsoft Visual Studio Solution File, Format Version 12.00
# Visual Studio Version 16
VisualStudioVersion = 16.0.30907.101
MinimumVisualStudioVersion = 10.0.40219.1
Project("{FAE04EC0-301F-11D3-BF4B-00C04F79EFBC}") = "TR", "TR\TR.csproj", "{CCEEEB30-A873-4F39-A42D-FCA8028B5B31}"
EndProject
Global
	GlobalSection(SolutionConfigurationPlatforms) = preSolution
		Debug|Any CPU = Debug|Any CPU
		Release|Any CPU = Release|Any CPU
	EndGlobalSection
	GlobalSection(ProjectConfigurationPlatforms) = postSolution
		{CCEEEB30-A873-4F39-A42D-FCA8028B5B31}.Debug|Any CPU.ActiveCfg = Debug|Any CPU
		{CCEEEB30-A873-4F39-A42D-FCA8028B5B31}.Debug|Any CPU.Build.0 = Debug|Any CPU
		{CCEEEB30-A873-4F39-A42D-FCA8028B5B31}.Release|Any CPU.ActiveCfg = Release|Any CPU
		{CCEEEB30-A873-4F39-A42D-FCA8028B5B31}.Release|Any CPU.Build.0 = Release|Any CPU
	EndGlobalSection
	GlobalSection(SolutionProperties) = preSolution
		HideSolutionNode = FALSE
	EndGlobalSection
	GlobalSection(ExtensibilityGlobals) = postSolution
		SolutionGuid = {6E251E31-BC45-45C1-9F30-695935A7F276}
	EndGlobalSection
EndGlobal
